
Microsoft Visual Studio Solution File, Format Version 12.00
# Visual Studio Version 16
VisualStudioVersion = 16.0.29709.97
MinimumVisualStudioVersion = 10.0.40219.1
Project("{FAE04EC0-301F-11D3-BF4B-00C04F79EFBC}") = "MoviesApi", "MoviesApi\MoviesApi.csproj", "{EED94FCF-7B6B-40BD-BCFF-F3DB37825ACA}"
EndProject
Global
	GlobalSection(SolutionConfigurationPlatforms) = preSolution
		Debug|Any CPU = Debug|Any CPU
		Release|Any CPU = Release|Any CPU
	EndGlobalSection
	GlobalSection(ProjectConfigurationPlatforms) = postSolution
		{EED94FCF-7B6B-40BD-BCFF-F3DB37825ACA}.Debug|Any CPU.ActiveCfg = Debug|Any CPU
		{EED94FCF-7B6B-40BD-BCFF-F3DB37825ACA}.Debug|Any CPU.Build.0 = Debug|Any CPU
		{EED94FCF-7B6B-40BD-BCFF-F3DB37825ACA}.Release|Any CPU.ActiveCfg = Release|Any CPU
		{EED94FCF-7B6B-40BD-BCFF-F3DB37825ACA}.Release|Any CPU.Build.0 = Release|Any CPU
	EndGlobalSection
	GlobalSection(SolutionProperties) = preSolution
		HideSolutionNode = FALSE
	EndGlobalSection
	GlobalSection(ExtensibilityGlobals) = postSolution
		SolutionGuid = {77F31D0C-C5C5-46AD-BC6E-6A85C8D1B50B}
	EndGlobalSection
EndGlobal
